
Microsoft Visual Studio Solution File, Format Version 12.00
# Visual Studio Version 16
VisualStudioVersion = 16.0.31729.503
MinimumVisualStudioVersion = 10.0.40219.1
Project("{9A19103F-16F7-4668-BE54-9A1E7A4F7556}") = "Tic Toc Toe", "WinFormsApp1\Tic Toc Toe.csproj", "{EE334EEA-BFDA-4E43-86E7-99C3326025C3}"
EndProject
Global
	GlobalSection(SolutionConfigurationPlatforms) = preSolution
		Debug|Any CPU = Debug|Any CPU
		Release|Any CPU = Release|Any CPU
	EndGlobalSection
	GlobalSection(ProjectConfigurationPlatforms) = postSolution
		{EE334EEA-BFDA-4E43-86E7-99C3326025C3}.Debug|Any CPU.ActiveCfg = Debug|Any CPU
		{EE334EEA-BFDA-4E43-86E7-99C3326025C3}.Debug|Any CPU.Build.0 = Debug|Any CPU
		{EE334EEA-BFDA-4E43-86E7-99C3326025C3}.Release|Any CPU.ActiveCfg = Release|Any CPU
		{EE334EEA-BFDA-4E43-86E7-99C3326025C3}.Release|Any CPU.Build.0 = Release|Any CPU
	EndGlobalSection
	GlobalSection(SolutionProperties) = preSolution
		HideSolutionNode = FALSE
	EndGlobalSection
	GlobalSection(ExtensibilityGlobals) = postSolution
		SolutionGuid = {FAF62BF0-2B72-4732-8DB2-F54E2F989F1C}
	EndGlobalSection
EndGlobal
